<?xml version="1.0" encoding="utf-8"?>
<Project ToolsVersion="4.0" xmlns="http://schemas.microsoft.com/developer/msbuild/2003">
  <ItemGroup>
    <Filter Include="Source Files">
      <UniqueIdentifier>{4FC737F1-C7A5-4376-A066-2A32D752A2FF}</UniqueIdentifier>
      <Extensions>cpp;c;cxx;def;odl;idl;hpj;bat;asm;asmx</Extensions>
    </Filter>
    <Filter Include="Header Files">
      <UniqueIdentifier>{93995380-89BD-4b04-88EB-625FBE52EBFB}</UniqueIdentifier>
      <Extensions>h;hpp;hxx;hm;inl;inc;xsd</Extensions>
    </Filter>
    <Filter Include="Resource Files">
      <UniqueIdentifier>{67DA6AB6-F800-4c08-8B7A-83BB121AAD01}</UniqueIdentifier>
      <Extensions>rc;ico;cur;bmp;dlg;rc2;rct;bin;rgs;gif;jpg;jpeg;jpe;resx</Extensions>
    </Filter>
    <Filter Include="Tests">
      <UniqueIdentifier>{9334c6c2-688d-422d-9b46-8ab254c9636a}</UniqueIdentifier>
    </Filter>
  </ItemGroup>
  <ItemGroup>
    <ClCompile Include="..\..\Src\Common\coretools.cpp">
      <Filter>Source Files</Filter>
    </ClCompile>
    <ClCompile Include="..\..\Src\DirItem.cpp">
      <Filter>Source Files</Filter>
    </ClCompile>
    <ClCompile Include="..\..\Src\FileVersion.cpp">
      <Filter>Source Files</Filter>
    </ClCompile>
    <ClCompile Include="..\..\Src\MergeCmdLineInfo.cpp">
      <Filter>Source Files</Filter>
    </ClCompile>
    <ClCompile Include="..\..\Src\Common\OptionsMgr.cpp">
      <Filter>Source Files</Filter>
    </ClCompile>
    <ClCompile Include="..\..\Src\paths.cpp">
      <Filter>Source Files</Filter>
    </ClCompile>
    <ClCompile Include="..\..\Src\Common\RegOptionsMgr.cpp">
      <Filter>Source Files</Filter>
    </ClCompile>
    <ClCompile Include="..\..\Src\Common\string_util.cpp">
      <Filter>Source Files</Filter>
    </ClCompile>
    <ClCompile Include="..\..\Src\stringdiffs.cpp">
      <Filter>Source Files</Filter>
    </ClCompile>
    <ClCompile Include="..\..\Src\Common\UnicodeString.cpp">
      <Filter>Source Files</Filter>
    </ClCompile>
    <ClCompile Include="..\..\Src\Common\varprop.cpp">
      <Filter>Source Files</Filter>
    </ClCompile>
    <ClCompile Include="DirItem\DirItem_test.cpp">
      <Filter>Tests</Filter>
    </ClCompile>
    <ClCompile Include="FileVersion\FileVersion_test.cpp">
      <Filter>Tests</Filter>
    </ClCompile>
    <ClCompile Include="CmdLine\MergeCmdLine_test.cpp">
      <Filter>Tests</Filter>
    </ClCompile>
    <ClCompile Include="Paths\paths_test.cpp">
      <Filter>Tests</Filter>
    </ClCompile>
    <ClCompile Include="OptionsMgr\RegOptionsMgr_test.cpp">
      <Filter>Tests</Filter>
    </ClCompile>
    <ClCompile Include="StringDiffs\stringdiffs_test.cpp">
      <Filter>Tests</Filter>
    </ClCompile>
    <ClCompile Include="StringDiffs\stringdiffs_test_adds.cpp">
      <Filter>Tests</Filter>
    </ClCompile>
    <ClCompile Include="StringDiffs\stringdiffs_test_bugs.cpp">
      <Filter>Tests</Filter>
    </ClCompile>
    <ClCompile Include="StringDiffs\stringdiffs_test_bytelevel.cpp">
      <Filter>Tests</Filter>
    </ClCompile>
    <ClCompile Include="test_main.cpp">
      <Filter>Tests</Filter>
    </ClCompile>
    <ClCompile Include="UnicodeString\UnicodeString_test.cpp">
      <Filter>Tests</Filter>
    </ClCompile>
    <ClCompile Include="OptionsMgr\VariantValue_test.cpp">
      <Filter>Tests</Filter>
    </ClCompile>
  </ItemGroup>
  <ItemGroup>
    <ClInclude Include="..\..\Src\Common\coretools.h">
      <Filter>Header Files</Filter>
    </ClInclude>
    <ClInclude Include="..\..\Src\DirItem.h">
      <Filter>Header Files</Filter>
    </ClInclude>
    <ClInclude Include="..\..\Src\FileVersion.h">
      <Filter>Header Files</Filter>
    </ClInclude>
    <ClInclude Include="..\..\Src\MergeCmdLineInfo.h">
      <Filter>Header Files</Filter>
    </ClInclude>
    <ClInclude Include="..\..\Src\Common\OptionsMgr.h">
      <Filter>Header Files</Filter>
    </ClInclude>
    <ClInclude Include="..\..\Src\paths.h">
      <Filter>Header Files</Filter>
    </ClInclude>
    <ClInclude Include="..\..\Src\Common\RegOptionsMgr.h">
      <Filter>Header Files</Filter>
    </ClInclude>
    <ClInclude Include="..\..\Src\Common\string_util.h">
      <Filter>Header Files</Filter>
    </ClInclude>
    <ClInclude Include="..\..\Src\stringdiffs.h">
      <Filter>Header Files</Filter>
    </ClInclude>
    <ClInclude Include="..\..\Src\stringdiffsi.h">
      <Filter>Header Files</Filter>
    </ClInclude>
    <ClInclude Include="..\..\Src\Common\UnicodeString.h">
      <Filter>Header Files</Filter>
    </ClInclude>
    <ClInclude Include="..\..\Src\Common\varprop.h">
      <Filter>Header Files</Filter>
    </ClInclude>
  </ItemGroup>
</Project>