Microsoft Visual Studio Solution File, Format Version 12.00
# Visual Studio 14
VisualStudioVersion = 14.0.23107.0
MinimumVisualStudioVersion = 10.0.40219.1
Project("{8BC9CEB8-8B4A-11D0-8D11-00A0C91BC942}") = "DisplayXMLFiles", "DisplayXMLFiles.vcxproj", "{39A01D56-5BAA-489F-93D4-AB32082B297F}"
EndProject
Project("{8BC9CEB8-8B4A-11D0-8D11-00A0C91BC942}") = "expat_maps_static", "..\..\..\Src\ExpatMapLib\expat_maps_static.vcxproj", "{193B3774-F447-4F99-9A72-01C7D5733FCA}"
EndProject
Global
	GlobalSection(SolutionConfigurationPlatforms) = preSolution
		Debug|x86 = Debug|x86
		Release MinDependency|x86 = Release MinDependency|x86
		Release MinSize|x86 = Release MinSize|x86
		Release|x86 = Release|x86
		Unicode Debug|x86 = Unicode Debug|x86
		Unicode Release MinDependency|x86 = Unicode Release MinDependency|x86
		Unicode Release MinSize|x86 = Unicode Release MinSize|x86
	EndGlobalSection
	GlobalSection(ProjectConfigurationPlatforms) = postSolution
		{39A01D56-5BAA-489F-93D4-AB32082B297F}.Debug|x86.ActiveCfg = Debug|Win32
		{39A01D56-5BAA-489F-93D4-AB32082B297F}.Debug|x86.Build.0 = Debug|Win32
		{39A01D56-5BAA-489F-93D4-AB32082B297F}.Release MinDependency|x86.ActiveCfg = Release MinDependency|Win32
		{39A01D56-5BAA-489F-93D4-AB32082B297F}.Release MinDependency|x86.Build.0 = Release MinDependency|Win32
		{39A01D56-5BAA-489F-93D4-AB32082B297F}.Release MinSize|x86.ActiveCfg = Release MinSize|Win32
		{39A01D56-5BAA-489F-93D4-AB32082B297F}.Release MinSize|x86.Build.0 = Release MinSize|Win32
		{39A01D56-5BAA-489F-93D4-AB32082B297F}.Release|x86.ActiveCfg = Unicode Release MinSize|Win32
		{39A01D56-5BAA-489F-93D4-AB32082B297F}.Release|x86.Build.0 = Unicode Release MinSize|Win32
		{39A01D56-5BAA-489F-93D4-AB32082B297F}.Unicode Debug|x86.ActiveCfg = Unicode Debug|Win32
		{39A01D56-5BAA-489F-93D4-AB32082B297F}.Unicode Debug|x86.Build.0 = Unicode Debug|Win32
		{39A01D56-5BAA-489F-93D4-AB32082B297F}.Unicode Release MinDependency|x86.ActiveCfg = Unicode Release MinDependency|Win32
		{39A01D56-5BAA-489F-93D4-AB32082B297F}.Unicode Release MinDependency|x86.Build.0 = Unicode Release MinDependency|Win32
		{39A01D56-5BAA-489F-93D4-AB32082B297F}.Unicode Release MinSize|x86.ActiveCfg = Unicode Release MinSize|Win32
		{39A01D56-5BAA-489F-93D4-AB32082B297F}.Unicode Release MinSize|x86.Build.0 = Unicode Release MinSize|Win32
		{193B3774-F447-4F99-9A72-01C7D5733FCA}.Debug|x86.ActiveCfg = Debug|Win32
		{193B3774-F447-4F99-9A72-01C7D5733FCA}.Debug|x86.Build.0 = Debug|Win32
		{193B3774-F447-4F99-9A72-01C7D5733FCA}.Release MinDependency|x86.ActiveCfg = Release|Win32
		{193B3774-F447-4F99-9A72-01C7D5733FCA}.Release MinDependency|x86.Build.0 = Release|Win32
		{193B3774-F447-4F99-9A72-01C7D5733FCA}.Release MinSize|x86.ActiveCfg = Release|Win32
		{193B3774-F447-4F99-9A72-01C7D5733FCA}.Release MinSize|x86.Build.0 = Release|Win32
		{193B3774-F447-4F99-9A72-01C7D5733FCA}.Release|x86.ActiveCfg = Release|Win32
		{193B3774-F447-4F99-9A72-01C7D5733FCA}.Release|x86.Build.0 = Release|Win32
		{193B3774-F447-4F99-9A72-01C7D5733FCA}.Unicode Debug|x86.ActiveCfg = Debug|Win32
		{193B3774-F447-4F99-9A72-01C7D5733FCA}.Unicode Debug|x86.Build.0 = Debug|Win32
		{193B3774-F447-4F99-9A72-01C7D5733FCA}.Unicode Release MinDependency|x86.ActiveCfg = Release|Win32
		{193B3774-F447-4F99-9A72-01C7D5733FCA}.Unicode Release MinDependency|x86.Build.0 = Release|Win32
		{193B3774-F447-4F99-9A72-01C7D5733FCA}.Unicode Release MinSize|x86.ActiveCfg = Release|Win32
		{193B3774-F447-4F99-9A72-01C7D5733FCA}.Unicode Release MinSize|x86.Build.0 = Release|Win32
	EndGlobalSection
	GlobalSection(SolutionProperties) = preSolution
		HideSolutionNode = FALSE
	EndGlobalSection
EndGlobal
